// !$*UTF8*$!
{
	archiveVersion = 1;
	classes = {
	};
	objectVersion = 56;
	objects = {

/* Begin PBXBuildFile section */
		71A4CD1529ED9BB800667DDB /* baccarat Watch App.app in Embed Watch Content */ = {isa = PBXBuildFile; fileRef = 71A4CD1429ED9BB800667DDB /* baccarat Watch App.app */; settings = {ATTRIBUTES = (RemoveHeadersOnCopy, ); }; };
		71A4CD1A29ED9BB800667DDB /* baccaratApp.swift in Sources */ = {isa = PBXBuildFile; fileRef = 71A4CD1929ED9BB800667DDB /* baccaratApp.swift */; };
		71A4CD1C29ED9BB800667DDB /* ContentView.swift in Sources */ = {isa = PBXBuildFile; fileRef = 71A4CD1B29ED9BB800667DDB /* ContentView.swift */; };
		71A4CD1E29ED9BB900667DDB /* Assets.xcassets in Resources */ = {isa = PBXBuildFile; fileRef = 71A4CD1D29ED9BB900667DDB /* Assets.xcassets */; };
		71A4CD2129ED9BB900667DDB /* Preview Assets.xcassets in Resources */ = {isa = PBXBuildFile; fileRef = 71A4CD2029ED9BB900667DDB /* Preview Assets.xcassets */; };
		71A4CD2B29ED9BB900667DDB /* baccarat_Watch_AppTests.swift in Sources */ = {isa = PBXBuildFile; fileRef = 71A4CD2A29ED9BB900667DDB /* baccarat_Watch_AppTests.swift */; };
		71A4CD3529ED9BB900667DDB /* baccarat_Watch_AppUITests.swift in Sources */ = {isa = PBXBuildFile; fileRef = 71A4CD3429ED9BB900667DDB /* baccarat_Watch_AppUITests.swift */; };
		71A4CD3729ED9BB900667DDB /* baccarat_Watch_AppUITestsLaunchTests.swift in Sources */ = {isa = PBXBuildFile; fileRef = 71A4CD3629ED9BB900667DDB /* baccarat_Watch_AppUITestsLaunchTests.swift */; };
		71A4CD4829EDA13200667DDB /* UIView.swift in Sources */ = {isa = PBXBuildFile; fileRef = 71A4CD4729EDA13200667DDB /* UIView.swift */; };
/* End PBXBuildFile section */

/* Begin PBXContainerItemProxy section */
		71A4CD1629ED9BB800667DDB /* PBXContainerItemProxy */ = {
			isa = PBXContainerItemProxy;
			containerPortal = 71A4CD0829ED9BB800667DDB /* Project object */;
			proxyType = 1;
			remoteGlobalIDString = 71A4CD1329ED9BB800667DDB;
			remoteInfo = "baccarat Watch App";
		};
		71A4CD2729ED9BB900667DDB /* PBXContainerItemProxy */ = {
			isa = PBXContainerItemProxy;
			containerPortal = 71A4CD0829ED9BB800667DDB /* Project object */;
			proxyType = 1;
			remoteGlobalIDString = 71A4CD1329ED9BB800667DDB;
			remoteInfo = "baccarat Watch App";
		};
		71A4CD3129ED9BB900667DDB /* PBXContainerItemProxy */ = {
			isa = PBXContainerItemProxy;
			containerPortal = 71A4CD0829ED9BB800667DDB /* Project object */;
			proxyType = 1;
			remoteGlobalIDString = 71A4CD1329ED9BB800667DDB;
			remoteInfo = "baccarat Watch App";
		};
/* End PBXContainerItemProxy section */

/* Begin PBXCopyFilesBuildPhase section */
		71A4CD3D29ED9BB900667DDB /* Embed Watch Content */ = {
			isa = PBXCopyFilesBuildPhase;
			buildActionMask = 2147483647;
			dstPath = "$(CONTENTS_FOLDER_PATH)/Watch";
			dstSubfolderSpec = 16;
			files = (
				71A4CD1529ED9BB800667DDB /* baccarat Watch App.app in Embed Watch Content */,
			);
			name = "Embed Watch Content";
			runOnlyForDeploymentPostprocessing = 0;
		};
/* End PBXCopyFilesBuildPhase section */

/* Begin PBXFileReference section */
		71A4CD0E29ED9BB800667DDB /* baccarat.app */ = {isa = PBXFileReference; explicitFileType = wrapper.application; includeInIndex = 0; path = baccarat.app; sourceTree = BUILT_PRODUCTS_DIR; };
		71A4CD1429ED9BB800667DDB /* baccarat Watch App.app */ = {isa = PBXFileReference; explicitFileType = wrapper.application; includeInIndex = 0; path = "baccarat Watch App.app"; sourceTree = BUILT_PRODUCTS_DIR; };
		71A4CD1929ED9BB800667DDB /* baccaratApp.swift */ = {isa = PBXFileReference; lastKnownFileType = sourcecode.swift; path = baccaratApp.swift; sourceTree = "<group>"; };
		71A4CD1B29ED9BB800667DDB /* ContentView.swift */ = {isa = PBXFileReference; lastKnownFileType = sourcecode.swift; path = ContentView.swift; sourceTree = "<group>"; };
		71A4CD1D29ED9BB900667DDB /* Assets.xcassets */ = {isa = PBXFileReference; lastKnownFileType = folder.assetcatalog; path = Assets.xcassets; sourceTree = "<group>"; };
		71A4CD2029ED9BB900667DDB /* Preview Assets.xcassets */ = {isa = PBXFileReference; lastKnownFileType = folder.assetcatalog; path = "Preview Assets.xcassets"; sourceTree = "<group>"; };
		71A4CD2629ED9BB900667DDB /* baccarat Watch AppTests.xctest */ = {isa = PBXFileReference; explicitFileType = wrapper.cfbundle; includeInIndex = 0; path = "baccarat Watch AppTests.xctest"; sourceTree = BUILT_PRODUCTS_DIR; };
		71A4CD2A29ED9BB900667DDB /* baccarat_Watch_AppTests.swift */ = {isa = PBXFileReference; lastKnownFileType = sourcecode.swift; path = baccarat_Watch_AppTests.swift; sourceTree = "<group>"; };
		71A4CD3029ED9BB900667DDB /* baccarat Watch AppUITests.xctest */ = {isa = PBXFileReference; explicitFileType = wrapper.cfbundle; includeInIndex = 0; path = "baccarat Watch AppUITests.xctest"; sourceTree = BUILT_PRODUCTS_DIR; };
		71A4CD3429ED9BB900667DDB /* baccarat_Watch_AppUITests.swift */ = {isa = PBXFileReference; lastKnownFileType = sourcecode.swift; path = baccarat_Watch_AppUITests.swift; sourceTree = "<group>"; };
		71A4CD3629ED9BB900667DDB /* baccarat_Watch_AppUITestsLaunchTests.swift */ = {isa = PBXFileReference; lastKnownFileType = sourcecode.swift; path = baccarat_Watch_AppUITestsLaunchTests.swift; sourceTree = "<group>"; };
		71A4CD4729EDA13200667DDB /* UIView.swift */ = {isa = PBXFileReference; lastKnownFileType = sourcecode.swift; path = UIView.swift; sourceTree = "<group>"; };
/* End PBXFileReference section */

/* Begin PBXFrameworksBuildPhase section */
		71A4CD1129ED9BB800667DDB /* Frameworks */ = {
			isa = PBXFrameworksBuildPhase;
			buildActionMask = 2147483647;
			files = (
			);
			runOnlyForDeploymentPostprocessing = 0;
		};
		71A4CD2329ED9BB900667DDB /* Frameworks */ = {
			isa = PBXFrameworksBuildPhase;
			buildActionMask = 2147483647;
			files = (
			);
			runOnlyForDeploymentPostprocessing = 0;
		};
		71A4CD2D29ED9BB900667DDB /* Frameworks */ = {
			isa = PBXFrameworksBuildPhase;
			buildActionMask = 2147483647;
			files = (
			);
			runOnlyForDeploymentPostprocessing = 0;
		};
/* End PBXFrameworksBuildPhase section */

/* Begin PBXGroup section */
		71A4CD0729ED9BB800667DDB = {
			isa = PBXGroup;
			children = (
				71A4CD1829ED9BB800667DDB /* baccarat Watch App */,
				71A4CD2929ED9BB900667DDB /* baccarat Watch AppTests */,
				71A4CD3329ED9BB900667DDB /* baccarat Watch AppUITests */,
				71A4CD0F29ED9BB800667DDB /* Products */,
			);
			sourceTree = "<group>";
		};
		71A4CD0F29ED9BB800667DDB /* Products */ = {
			isa = PBXGroup;
			children = (
				71A4CD0E29ED9BB800667DDB /* baccarat.app */,
				71A4CD1429ED9BB800667DDB /* baccarat Watch App.app */,
				71A4CD2629ED9BB900667DDB /* baccarat Watch AppTests.xctest */,
				71A4CD3029ED9BB900667DDB /* baccarat Watch AppUITests.xctest */,
			);
			name = Products;
			sourceTree = "<group>";
		};
		71A4CD1829ED9BB800667DDB /* baccarat Watch App */ = {
			isa = PBXGroup;
			children = (
				71A4CD1929ED9BB800667DDB /* baccaratApp.swift */,
				71A4CD1B29ED9BB800667DDB /* ContentView.swift */,
				71A4CD4729EDA13200667DDB /* UIView.swift */,
				71A4CD1D29ED9BB900667DDB /* Assets.xcassets */,
				71A4CD1F29ED9BB900667DDB /* Preview Content */,
			);
			path = "baccarat Watch App";
			sourceTree = "<group>";
		};
		71A4CD1F29ED9BB900667DDB /* Preview Content */ = {
			isa = PBXGroup;
			children = (
				71A4CD2029ED9BB900667DDB /* Preview Assets.xcassets */,
			);
			path = "Preview Content";
			sourceTree = "<group>";
		};
		71A4CD2929ED9BB900667DDB /* baccarat Watch AppTests */ = {
			isa = PBXGroup;
			children = (
				71A4CD2A29ED9BB900667DDB /* baccarat_Watch_AppTests.swift */,
			);
			path = "baccarat Watch AppTests";
			sourceTree = "<group>";
		};
		71A4CD3329ED9BB900667DDB /* baccarat Watch AppUITests */ = {
			isa = PBXGroup;
			children = (
				71A4CD3429ED9BB900667DDB /* baccarat_Watch_AppUITests.swift */,
				71A4CD3629ED9BB900667DDB /* baccarat_Watch_AppUITestsLaunchTests.swift */,
			);
			path = "baccarat Watch AppUITests";
			sourceTree = "<group>";
		};
/* End PBXGroup section */

/* Begin PBXNativeTarget section */
		71A4CD0D29ED9BB800667DDB /* baccarat */ = {
			isa = PBXNativeTarget;
			buildConfigurationList = 71A4CD3E29ED9BB900667DDB /* Build configuration list for PBXNativeTarget "baccarat" */;
			buildPhases = (
				71A4CD0C29ED9BB800667DDB /* Resources */,
				71A4CD3D29ED9BB900667DDB /* Embed Watch Content */,
			);
			buildRules = (
			);
			dependencies = (
				71A4CD1729ED9BB800667DDB /* PBXTargetDependency */,
			);
			name = baccarat;
			productName = baccarat;
			productReference = 71A4CD0E29ED9BB800667DDB /* baccarat.app */;
			productType = "com.apple.product-type.application.watchapp2-container";
		};
		71A4CD1329ED9BB800667DDB /* baccarat Watch App */ = {
			isa = PBXNativeTarget;
			buildConfigurationList = 71A4CD3A29ED9BB900667DDB /* Build configuration list for PBXNativeTarget "baccarat Watch App" */;
			buildPhases = (
				71A4CD1029ED9BB800667DDB /* Sources */,
				71A4CD1129ED9BB800667DDB /* Frameworks */,
				71A4CD1229ED9BB800667DDB /* Resources */,
			);
			buildRules = (
			);
			dependencies = (
			);
			name = "baccarat Watch App";
			productName = "baccarat Watch App";
			productReference = 71A4CD1429ED9BB800667DDB /* baccarat Watch App.app */;
			productType = "com.apple.product-type.application";
		};
		71A4CD2529ED9BB900667DDB /* baccarat Watch AppTests */ = {
			isa = PBXNativeTarget;
			buildConfigurationList = 71A4CD4129ED9BB900667DDB /* Build configuration list for PBXNativeTarget "baccarat Watch AppTests" */;
			buildPhases = (
				71A4CD2229ED9BB900667DDB /* Sources */,
				71A4CD2329ED9BB900667DDB /* Frameworks */,
				71A4CD2429ED9BB900667DDB /* Resources */,
			);
			buildRules = (
			);
			dependencies = (
				71A4CD2829ED9BB900667DDB /* PBXTargetDependency */,
			);
			name = "baccarat Watch AppTests";
			productName = "baccarat Watch AppTests";
			productReference = 71A4CD2629ED9BB900667DDB /* baccarat Watch AppTests.xctest */;
			productType = "com.apple.product-type.bundle.unit-test";
		};
		71A4CD2F29ED9BB900667DDB /* baccarat Watch AppUITests */ = {
			isa = PBXNativeTarget;
			buildConfigurationList = 71A4CD4429ED9BB900667DDB /* Build configuration list for PBXNativeTarget "baccarat Watch AppUITests" */;
			buildPhases = (
				71A4CD2C29ED9BB900667DDB /* Sources */,
				71A4CD2D29ED9BB900667DDB /* Frameworks */,
				71A4CD2E29ED9BB900667DDB /* Resources */,
			);
			buildRules = (
			);
			dependencies = (
				71A4CD3229ED9BB900667DDB /* PBXTargetDependency */,
			);
			name = "baccarat Watch AppUITests";
			productName = "baccarat Watch AppUITests";
			productReference = 71A4CD3029ED9BB900667DDB /* baccarat Watch AppUITests.xctest */;
			productType = "com.apple.product-type.bundle.ui-testing";
		};
/* End PBXNativeTarget section */

/* Begin PBXProject section */
		71A4CD0829ED9BB800667DDB /* Project object */ = {
			isa = PBXProject;
			attributes = {
				BuildIndependentTargetsInParallel = 1;
				LastSwiftUpdateCheck = 1420;
				LastUpgradeCheck = 1420;
				TargetAttributes = {
					71A4CD0D29ED9BB800667DDB = {
						CreatedOnToolsVersion = 14.2;
					};
					71A4CD1329ED9BB800667DDB = {
						CreatedOnToolsVersion = 14.2;
					};
					71A4CD2529ED9BB900667DDB = {
						CreatedOnToolsVersion = 14.2;
						TestTargetID = 71A4CD1329ED9BB800667DDB;
					};
					71A4CD2F29ED9BB900667DDB = {
						CreatedOnToolsVersion = 14.2;
						TestTargetID = 71A4CD1329ED9BB800667DDB;
					};
				};
			};
			buildConfigurationList = 71A4CD0B29ED9BB800667DDB /* Build configuration list for PBXProject "baccarat" */;
			compatibilityVersion = "Xcode 14.0";
			developmentRegion = en;
			hasScannedForEncodings = 0;
			knownRegions = (
				en,
				Base,
			);
			mainGroup = 71A4CD0729ED9BB800667DDB;
			productRefGroup = 71A4CD0F29ED9BB800667DDB /* Products */;
			projectDirPath = "";
			projectRoot = "";
			targets = (
				71A4CD0D29ED9BB800667DDB /* baccarat */,
				71A4CD1329ED9BB800667DDB /* baccarat Watch App */,
				71A4CD2529ED9BB900667DDB /* baccarat Watch AppTests */,
				71A4CD2F29ED9BB900667DDB /* baccarat Watch AppUITests */,
			);
		};
/* End PBXProject section */

/* Begin PBXResourcesBuildPhase section */
		71A4CD0C29ED9BB800667DDB /* Resources */ = {
			isa = PBXResourcesBuildPhase;
			buildActionMask = 2147483647;
			files = (
			);
			runOnlyForDeploymentPostprocessing = 0;
		};
		71A4CD1229ED9BB800667DDB /* Resources */ = {
			isa = PBXResourcesBuildPhase;
			buildActionMask = 2147483647;
			files = (
				71A4CD2129ED9BB900667DDB /* Preview Assets.xcassets in Resources */,
				71A4CD1E29ED9BB900667DDB /* Assets.xcassets in Resources */,
			);
			runOnlyForDeploymentPostprocessing = 0;
		};
		71A4CD2429ED9BB900667DDB /* Resources */ = {
			isa = PBXResourcesBuildPhase;
			buildActionMask = 2147483647;
			files = (
			);
			runOnlyForDeploymentPostprocessing = 0;
		};
		71A4CD2E29ED9BB900667DDB /* Resources */ = {
			isa = PBXResourcesBuildPhase;
			buildActionMask = 2147483647;
			files = (
			);
			runOnlyForDeploymentPostprocessing = 0;
		};
/* End PBXResourcesBuildPhase section */

/* Begin PBXSourcesBuildPhase section */
		71A4CD1029ED9BB800667DDB /* Sources */ = {
			isa = PBXSourcesBuildPhase;
			buildActionMask = 2147483647;
			files = (
				71A4CD1C29ED9BB800667DDB /* ContentView.swift in Sources */,
				71A4CD4829EDA13200667DDB /* UIView.swift in Sources */,
				71A4CD1A29ED9BB800667DDB /* baccaratApp.swift in Sources */,
			);
			runOnlyForDeploymentPostprocessing = 0;
		};
		71A4CD2229ED9BB900667DDB /* Sources */ = {
			isa = PBXSourcesBuildPhase;
			buildActionMask = 2147483647;
			files = (
				71A4CD2B29ED9BB900667DDB /* baccarat_Watch_AppTests.swift in Sources */,
			);
			runOnlyForDeploymentPostprocessing = 0;
		};
		71A4CD2C29ED9BB900667DDB /* Sources */ = {
			isa = PBXSourcesBuildPhase;
			buildActionMask = 2147483647;
			files = (
				71A4CD3529ED9BB900667DDB /* baccarat_Watch_AppUITests.swift in Sources */,
				71A4CD3729ED9BB900667DDB /* baccarat_Watch_AppUITestsLaunchTests.swift in Sources */,
			);
			runOnlyForDeploymentPostprocessing = 0;
		};
/* End PBXSourcesBuildPhase section */

/* Begin PBXTargetDependency section */
		71A4CD1729ED9BB800667DDB /* PBXTargetDependency */ = {
			isa = PBXTargetDependency;
			target = 71A4CD1329ED9BB800667DDB /* baccarat Watch App */;
			targetProxy = 71A4CD1629ED9BB800667DDB /* PBXContainerItemProxy */;
		};
		71A4CD2829ED9BB900667DDB /* PBXTargetDependency */ = {
			isa = PBXTargetDependency;
			target = 71A4CD1329ED9BB800667DDB /* baccarat Watch App */;
			targetProxy = 71A4CD2729ED9BB900667DDB /* PBXContainerItemProxy */;
		};
		71A4CD3229ED9BB900667DDB /* PBXTargetDependency */ = {
			isa = PBXTargetDependency;
			target = 71A4CD1329ED9BB800667DDB /* baccarat Watch App */;
			targetProxy = 71A4CD3129ED9BB900667DDB /* PBXContainerItemProxy */;
		};
/* End PBXTargetDependency section */

/* Begin XCBuildConfiguration section */
		71A4CD3829ED9BB900667DDB /* Debug */ = {
			isa = XCBuildConfiguration;
			buildSettings = {
				ALWAYS_SEARCH_USER_PATHS = NO;
				CLANG_ANALYZER_NONNULL = YES;
				CLANG_ANALYZER_NUMBER_OBJECT_CONVERSION = YES_AGGRESSIVE;
				CLANG_CXX_LANGUAGE_STANDARD = "gnu++20";
				CLANG_ENABLE_MODULES = YES;
				CLANG_ENABLE_OBJC_ARC = YES;
				CLANG_ENABLE_OBJC_WEAK = YES;
				CLANG_WARN_BLOCK_CAPTURE_AUTORELEASING = YES;
				CLANG_WARN_BOOL_CONVERSION = YES;
				CLANG_WARN_COMMA = YES;
				CLANG_WARN_CONSTANT_CONVERSION = YES;
				CLANG_WARN_DEPRECATED_OBJC_IMPLEMENTATIONS = YES;
				CLANG_WARN_DIRECT_OBJC_ISA_USAGE = YES_ERROR;
				CLANG_WARN_DOCUMENTATION_COMMENTS = YES;
				CLANG_WARN_EMPTY_BODY = YES;
				CLANG_WARN_ENUM_CONVERSION = YES;
				CLANG_WARN_INFINITE_RECURSION = YES;
				CLANG_WARN_INT_CONVERSION = YES;
				CLANG_WARN_NON_LITERAL_NULL_CONVERSION = YES;
				CLANG_WARN_OBJC_IMPLICIT_RETAIN_SELF = YES;
				CLANG_WARN_OBJC_LITERAL_CONVERSION = YES;
				CLANG_WARN_OBJC_ROOT_CLASS = YES_ERROR;
				CLANG_WARN_QUOTED_INCLUDE_IN_FRAMEWORK_HEADER = YES;
				CLANG_WARN_RANGE_LOOP_ANALYSIS = YES;
				CLANG_WARN_STRICT_PROTOTYPES = YES;
				CLANG_WARN_SUSPICIOUS_MOVE = YES;
				CLANG_WARN_UNGUARDED_AVAILABILITY = YES_AGGRESSIVE;
				CLANG_WARN_UNREACHABLE_CODE = YES;
				CLANG_WARN__DUPLICATE_METHOD_MATCH = YES;
				COPY_PHASE_STRIP = NO;
				DEBUG_INFORMATION_FORMAT = dwarf;
				ENABLE_STRICT_OBJC_MSGSEND = YES;
				ENABLE_TESTABILITY = YES;
				GCC_C_LANGUAGE_STANDARD = gnu11;
				GCC_DYNAMIC_NO_PIC = NO;
				GCC_NO_COMMON_BLOCKS = YES;
				GCC_OPTIMIZATION_LEVEL = 0;
				GCC_PREPROCESSOR_DEFINITIONS = (
					"DEBUG=1",
					"$(inherited)",
				);
				GCC_WARN_64_TO_32_BIT_CONVERSION = YES;
				GCC_WARN_ABOUT_RETURN_TYPE = YES_ERROR;
				GCC_WARN_UNDECLARED_SELECTOR = YES;
				GCC_WARN_UNINITIALIZED_AUTOS = YES_AGGRESSIVE;
				GCC_WARN_UNUSED_FUNCTION = YES;
				GCC_WARN_UNUSED_VARIABLE = YES;
				MTL_ENABLE_DEBUG_INFO = INCLUDE_SOURCE;
				MTL_FAST_MATH = YES;
				ONLY_ACTIVE_ARCH = YES;
				SWIFT_ACTIVE_COMPILATION_CONDITIONS = DEBUG;
				SWIFT_OPTIMIZATION_LEVEL = "-Onone";
			};
			name = Debug;
		};
		71A4CD3929ED9BB900667DDB /* Release */ = {
			isa = XCBuildConfiguration;
			buildSettings = {
				ALWAYS_SEARCH_USER_PATHS = NO;
				CLANG_ANALYZER_NONNULL = YES;
				CLANG_ANALYZER_NUMBER_OBJECT_CONVERSION = YES_AGGRESSIVE;
				CLANG_CXX_LANGUAGE_STANDARD = "gnu++20";
				CLANG_ENABLE_MODULES = YES;
				CLANG_ENABLE_OBJC_ARC = YES;
				CLANG_ENABLE_OBJC_WEAK = YES;
				CLANG_WARN_BLOCK_CAPTURE_AUTORELEASING = YES;
				CLANG_WARN_BOOL_CONVERSION = YES;
				CLANG_WARN_COMMA = YES;
				CLANG_WARN_CONSTANT_CONVERSION = YES;
				CLANG_WARN_DEPRECATED_OBJC_IMPLEMENTATIONS = YES;
				CLANG_WARN_DIRECT_OBJC_ISA_USAGE = YES_ERROR;
				CLANG_WARN_DOCUMENTATION_COMMENTS = YES;
				CLANG_WARN_EMPTY_BODY = YES;
				CLANG_WARN_ENUM_CONVERSION = YES;
				CLANG_WARN_INFINITE_RECURSION = YES;
				CLANG_WARN_INT_CONVERSION = YES;
				CLANG_WARN_NON_LITERAL_NULL_CONVERSION = YES;
				CLANG_WARN_OBJC_IMPLICIT_RETAIN_SELF = YES;
				CLANG_WARN_OBJC_LITERAL_CONVERSION = YES;
				CLANG_WARN_OBJC_ROOT_CLASS = YES_ERROR;
				CLANG_WARN_QUOTED_INCLUDE_IN_FRAMEWORK_HEADER = YES;
				CLANG_WARN_RANGE_LOOP_ANALYSIS = YES;
				CLANG_WARN_STRICT_PROTOTYPES = YES;
				CLANG_WARN_SUSPICIOUS_MOVE = YES;
				CLANG_WARN_UNGUARDED_AVAILABILITY = YES_AGGRESSIVE;
				CLANG_WARN_UNREACHABLE_CODE = YES;
				CLANG_WARN__DUPLICATE_METHOD_MATCH = YES;
				COPY_PHASE_STRIP = NO;
				DEBUG_INFORMATION_FORMAT = "dwarf-with-dsym";
				ENABLE_NS_ASSERTIONS = NO;
				ENABLE_STRICT_OBJC_MSGSEND = YES;
				GCC_C_LANGUAGE_STANDARD = gnu11;
				GCC_NO_COMMON_BLOCKS = YES;
				GCC_WARN_64_TO_32_BIT_CONVERSION = YES;
				GCC_WARN_ABOUT_RETURN_TYPE = YES_ERROR;
				GCC_WARN_UNDECLARED_SELECTOR = YES;
				GCC_WARN_UNINITIALIZED_AUTOS = YES_AGGRESSIVE;
				GCC_WARN_UNUSED_FUNCTION = YES;
				GCC_WARN_UNUSED_VARIABLE = YES;
				MTL_ENABLE_DEBUG_INFO = NO;
				MTL_FAST_MATH = YES;
				SWIFT_COMPILATION_MODE = wholemodule;
				SWIFT_OPTIMIZATION_LEVEL = "-O";
			};
			name = Release;
		};
		71A4CD3B29ED9BB900667DDB /* Debug */ = {
			isa = XCBuildConfiguration;
			buildSettings = {
				ASSETCATALOG_COMPILER_APPICON_NAME = AppIcon;
				ASSETCATALOG_COMPILER_GLOBAL_ACCENT_COLOR_NAME = AccentColor;
				CODE_SIGN_STYLE = Automatic;
				CURRENT_PROJECT_VERSION = 1;
				DEVELOPMENT_ASSET_PATHS = "\"baccarat Watch App/Preview Content\"";
				ENABLE_PREVIEWS = YES;
				GENERATE_INFOPLIST_FILE = YES;
				INFOPLIST_KEY_CFBundleDisplayName = baccarat;
				INFOPLIST_KEY_UISupportedInterfaceOrientations = "UIInterfaceOrientationPortrait UIInterfaceOrientationPortraitUpsideDown";
				INFOPLIST_KEY_WKWatchOnly = YES;
				LD_RUNPATH_SEARCH_PATHS = (
					"$(inherited)",
					"@executable_path/Frameworks",
				);
				MARKETING_VERSION = 1.0;
				PRODUCT_BUNDLE_IDENTIFIER = sentema.baccarat.watchkitapp;
				PRODUCT_NAME = "$(TARGET_NAME)";
				SDKROOT = watchos;
				SKIP_INSTALL = YES;
				SWIFT_EMIT_LOC_STRINGS = YES;
				SWIFT_VERSION = 5.0;
				TARGETED_DEVICE_FAMILY = 4;
				WATCHOS_DEPLOYMENT_TARGET = 9.1;
			};
			name = Debug;
		};
		71A4CD3C29ED9BB900667DDB /* Release */ = {
			isa = XCBuildConfiguration;
			buildSettings = {
				ASSETCATALOG_COMPILER_APPICON_NAME = AppIcon;
				ASSETCATALOG_COMPILER_GLOBAL_ACCENT_COLOR_NAME = AccentColor;
				CODE_SIGN_STYLE = Automatic;
				CURRENT_PROJECT_VERSION = 1;
				DEVELOPMENT_ASSET_PATHS = "\"baccarat Watch App/Preview Content\"";
				ENABLE_PREVIEWS = YES;
				GENERATE_INFOPLIST_FILE = YES;
				INFOPLIST_KEY_CFBundleDisplayName = baccarat;
				INFOPLIST_KEY_UISupportedInterfaceOrientations = "UIInterfaceOrientationPortrait UIInterfaceOrientationPortraitUpsideDown";
				INFOPLIST_KEY_WKWatchOnly = YES;
				LD_RUNPATH_SEARCH_PATHS = (
					"$(inherited)",
					"@executable_path/Frameworks",
				);
				MARKETING_VERSION = 1.0;
				PRODUCT_BUNDLE_IDENTIFIER = sentema.baccarat.watchkitapp;
				PRODUCT_NAME = "$(TARGET_NAME)";
				SDKROOT = watchos;
				SKIP_INSTALL = YES;
				SWIFT_EMIT_LOC_STRINGS = YES;
				SWIFT_VERSION = 5.0;
				TARGETED_DEVICE_FAMILY = 4;
				VALIDATE_PRODUCT = YES;
				WATCHOS_DEPLOYMENT_TARGET = 9.1;
			};
			name = Release;
		};
		71A4CD3F29ED9BB900667DDB /* Debug */ = {
			isa = XCBuildConfiguration;
			buildSettings = {
				ALWAYS_EMBED_SWIFT_STANDARD_LIBRARIES = YES;
				CODE_SIGN_STYLE = Automatic;
				CURRENT_PROJECT_VERSION = 1;
				INFOPLIST_KEY_CFBundleDisplayName = baccarat;
				MARKETING_VERSION = 1.0;
				PRODUCT_BUNDLE_IDENTIFIER = sentema.baccarat;
				PRODUCT_NAME = "$(TARGET_NAME)";
				SDKROOT = iphoneos;
				SWIFT_VERSION = 5.0;
			};
			name = Debug;
		};
		71A4CD4029ED9BB900667DDB /* Release */ = {
			isa = XCBuildConfiguration;
			buildSettings = {
				ALWAYS_EMBED_SWIFT_STANDARD_LIBRARIES = YES;
				CODE_SIGN_STYLE = Automatic;
				CURRENT_PROJECT_VERSION = 1;
				INFOPLIST_KEY_CFBundleDisplayName = baccarat;
				MARKETING_VERSION = 1.0;
				PRODUCT_BUNDLE_IDENTIFIER = sentema.baccarat;
				PRODUCT_NAME = "$(TARGET_NAME)";
				SDKROOT = iphoneos;
				SWIFT_VERSION = 5.0;
				VALIDATE_PRODUCT = YES;
			};
			name = Release;
		};
		71A4CD4229ED9BB900667DDB /* Debug */ = {
			isa = XCBuildConfiguration;
			buildSettings = {
				ALWAYS_EMBED_SWIFT_STANDARD_LIBRARIES = YES;
				BUNDLE_LOADER = "$(TEST_HOST)";
				CODE_SIGN_STYLE = Automatic;
				CURRENT_PROJECT_VERSION = 1;
				GENERATE_INFOPLIST_FILE = YES;
				MARKETING_VERSION = 1.0;
				PRODUCT_BUNDLE_IDENTIFIER = "sentema.baccarat-Watch-AppTests";
				PRODUCT_NAME = "$(TARGET_NAME)";
				SDKROOT = watchos;
				SWIFT_EMIT_LOC_STRINGS = NO;
				SWIFT_VERSION = 5.0;
				TARGETED_DEVICE_FAMILY = 4;
				TEST_HOST = "$(BUILT_PRODUCTS_DIR)/baccarat Watch App.app/$(BUNDLE_EXECUTABLE_FOLDER_PATH)/baccarat Watch App";
				WATCHOS_DEPLOYMENT_TARGET = 9.1;
			};
			name = Debug;
		};
		71A4CD4329ED9BB900667DDB /* Release */ = {
			isa = XCBuildConfiguration;
			buildSettings = {
				ALWAYS_EMBED_SWIFT_STANDARD_LIBRARIES = YES;
				BUNDLE_LOADER = "$(TEST_HOST)";
				CODE_SIGN_STYLE = Automatic;
				CURRENT_PROJECT_VERSION = 1;
				GENERATE_INFOPLIST_FILE = YES;
				MARKETING_VERSION = 1.0;
				PRODUCT_BUNDLE_IDENTIFIER = "sentema.baccarat-Watch-AppTests";
				PRODUCT_NAME = "$(TARGET_NAME)";
				SDKROOT = watchos;
				SWIFT_EMIT_LOC_STRINGS = NO;
				SWIFT_VERSION = 5.0;
				TARGETED_DEVICE_FAMILY = 4;
				TEST_HOST = "$(BUILT_PRODUCTS_DIR)/baccarat Watch App.app/$(BUNDLE_EXECUTABLE_FOLDER_PATH)/baccarat Watch App";
				VALIDATE_PRODUCT = YES;
				WATCHOS_DEPLOYMENT_TARGET = 9.1;
			};
			name = Release;
		};
		71A4CD4529ED9BB900667DDB /* Debug */ = {
			isa = XCBuildConfiguration;
			buildSettings = {
				ALWAYS_EMBED_SWIFT_STANDARD_LIBRARIES = YES;
				CODE_SIGN_STYLE = Automatic;
				CURRENT_PROJECT_VERSION = 1;
				GENERATE_INFOPLIST_FILE = YES;
				MARKETING_VERSION = 1.0;
				PRODUCT_BUNDLE_IDENTIFIER = "sentema.baccarat-Watch-AppUITests";
				PRODUCT_NAME = "$(TARGET_NAME)";
				SDKROOT = watchos;
				SWIFT_EMIT_LOC_STRINGS = NO;
				SWIFT_VERSION = 5.0;
				TARGETED_DEVICE_FAMILY = 4;
				TEST_TARGET_NAME = "baccarat Watch App";
				WATCHOS_DEPLOYMENT_TARGET = 9.1;
			};
			name = Debug;
		};
		71A4CD4629ED9BB900667DDB /* Release */ = {
			isa = XCBuildConfiguration;
			buildSettings = {
				ALWAYS_EMBED_SWIFT_STANDARD_LIBRARIES = YES;
				CODE_SIGN_STYLE = Automatic;
				CURRENT_PROJECT_VERSION = 1;
				GENERATE_INFOPLIST_FILE = YES;
				MARKETING_VERSION = 1.0;
				PRODUCT_BUNDLE_IDENTIFIER = "sentema.baccarat-Watch-AppUITests";
				PRODUCT_NAME = "$(TARGET_NAME)";
				SDKROOT = watchos;
				SWIFT_EMIT_LOC_STRINGS = NO;
				SWIFT_VERSION = 5.0;
				TARGETED_DEVICE_FAMILY = 4;
				TEST_TARGET_NAME = "baccarat Watch App";
				VALIDATE_PRODUCT = YES;
				WATCHOS_DEPLOYMENT_TARGET = 9.1;
			};
			name = Release;
		};
/* End XCBuildConfiguration section */

/* Begin XCConfigurationList section */
		71A4CD0B29ED9BB800667DDB /* Build configuration list for PBXProject "baccarat" */ = {
			isa = XCConfigurationList;
			buildConfigurations = (
				71A4CD3829ED9BB900667DDB /* Debug */,
				71A4CD3929ED9BB900667DDB /* Release */,
			);
			defaultConfigurationIsVisible = 0;
			defaultConfigurationName = Release;
		};
		71A4CD3A29ED9BB900667DDB /* Build configuration list for PBXNativeTarget "baccarat Watch App" */ = {
			isa = XCConfigurationList;
			buildConfigurations = (
				71A4CD3B29ED9BB900667DDB /* Debug */,
				71A4CD3C29ED9BB900667DDB /* Release */,
			);
			defaultConfigurationIsVisible = 0;
			defaultConfigurationName = Release;
		};
		71A4CD3E29ED9BB900667DDB /* Build configuration list for PBXNativeTarget "baccarat" */ = {
			isa = XCConfigurationList;
			buildConfigurations = (
				71A4CD3F29ED9BB900667DDB /* Debug */,
				71A4CD4029ED9BB900667DDB /* Release */,
			);
			defaultConfigurationIsVisible = 0;
			defaultConfigurationName = Release;
		};
		71A4CD4129ED9BB900667DDB /* Build configuration list for PBXNativeTarget "baccarat Watch AppTests" */ = {
			isa = XCConfigurationList;
			buildConfigurations = (
				71A4CD4229ED9BB900667DDB /* Debug */,
				71A4CD4329ED9BB900667DDB /* Release */,
			);
			defaultConfigurationIsVisible = 0;
			defaultConfigurationName = Release;
		};
		71A4CD4429ED9BB900667DDB /* Build configuration list for PBXNativeTarget "baccarat Watch AppUITests" */ = {
			isa = XCConfigurationList;
			buildConfigurations = (
				71A4CD4529ED9BB900667DDB /* Debug */,
				71A4CD4629ED9BB900667DDB /* Release */,
			);
			defaultConfigurationIsVisible = 0;
			defaultConfigurationName = Release;
		};
/* End XCConfigurationList section */
	};
	rootObject = 71A4CD0829ED9BB800667DDB /* Project object */;
}
